
Microsoft Visual Studio Solution File, Format Version 12.00
# Visual Studio Version 17
VisualStudioVersion = 17.2.32630.192
MinimumVisualStudioVersion = 10.0.40219.1
Project("{FAE04EC0-301F-11D3-BF4B-00C04F79EFBC}") = "Desafio4Devs", "Desafio4Devs\Desafio4Devs.csproj", "{7DE08622-8BE2-43B3-8CE6-EA8ADE9529EA}"
EndProject
Project("{2150E333-8FDC-42A3-9474-1A3956D46DE8}") = "1 - Api", "1 - Api", "{4A3B5C94-6102-4629-B3A1-291E74E285E8}"
EndProject
Project("{2150E333-8FDC-42A3-9474-1A3956D46DE8}") = "2 - Application", "2 - Application", "{FE81B2DE-BC59-4E13-8992-F5CDCB3323EE}"
EndProject
Project("{2150E333-8FDC-42A3-9474-1A3956D46DE8}") = "3 - Domain", "3 - Domain", "{D5AEBF70-6454-4575-A26F-84A6BF26F9E4}"
EndProject
Project("{2150E333-8FDC-42A3-9474-1A3956D46DE8}") = "4 - Infra", "4 - Infra", "{5385691C-29B8-46F0-960E-CC5D7B4B15D3}"
EndProject
Project("{FAE04EC0-301F-11D3-BF4B-00C04F79EFBC}") = "Desafio4Devs.Application", "Desafio4Devs.Application\Desafio4Devs.Application.csproj", "{63736C2F-8167-4006-AD73-47B05377F00C}"
EndProject
Project("{FAE04EC0-301F-11D3-BF4B-00C04F79EFBC}") = "Desafio4Devs.Domain", "Desafio4Devs.Domain\Desafio4Devs.Domain.csproj", "{D6C88C9C-84DC-4E2E-A2A2-3F47608683E0}"
EndProject
Project("{2150E333-8FDC-42A3-9474-1A3956D46DE8}") = "4.1 - Data", "4.1 - Data", "{FA3DB7C8-0E40-4126-9FDD-198FAE982992}"
EndProject
Project("{FAE04EC0-301F-11D3-BF4B-00C04F79EFBC}") = "Desafio4Devs.Infra.Data", "Desafio4Devs.Infra.Data\Desafio4Devs.Infra.Data.csproj", "{C2BE79A6-4A97-4781-9436-1009FCB1068A}"
EndProject
Global
	GlobalSection(SolutionConfigurationPlatforms) = preSolution
		Debug|Any CPU = Debug|Any CPU
		Release|Any CPU = Release|Any CPU
	EndGlobalSection
	GlobalSection(ProjectConfigurationPlatforms) = postSolution
		{7DE08622-8BE2-43B3-8CE6-EA8ADE9529EA}.Debug|Any CPU.ActiveCfg = Debug|Any CPU
		{7DE08622-8BE2-43B3-8CE6-EA8ADE9529EA}.Debug|Any CPU.Build.0 = Debug|Any CPU
		{7DE08622-8BE2-43B3-8CE6-EA8ADE9529EA}.Release|Any CPU.ActiveCfg = Release|Any CPU
		{7DE08622-8BE2-43B3-8CE6-EA8ADE9529EA}.Release|Any CPU.Build.0 = Release|Any CPU
		{63736C2F-8167-4006-AD73-47B05377F00C}.Debug|Any CPU.ActiveCfg = Debug|Any CPU
		{63736C2F-8167-4006-AD73-47B05377F00C}.Debug|Any CPU.Build.0 = Debug|Any CPU
		{63736C2F-8167-4006-AD73-47B05377F00C}.Release|Any CPU.ActiveCfg = Release|Any CPU
		{63736C2F-8167-4006-AD73-47B05377F00C}.Release|Any CPU.Build.0 = Release|Any CPU
		{D6C88C9C-84DC-4E2E-A2A2-3F47608683E0}.Debug|Any CPU.ActiveCfg = Debug|Any CPU
		{D6C88C9C-84DC-4E2E-A2A2-3F47608683E0}.Debug|Any CPU.Build.0 = Debug|Any CPU
		{D6C88C9C-84DC-4E2E-A2A2-3F47608683E0}.Release|Any CPU.ActiveCfg = Release|Any CPU
		{D6C88C9C-84DC-4E2E-A2A2-3F47608683E0}.Release|Any CPU.Build.0 = Release|Any CPU
		{C2BE79A6-4A97-4781-9436-1009FCB1068A}.Debug|Any CPU.ActiveCfg = Debug|Any CPU
		{C2BE79A6-4A97-4781-9436-1009FCB1068A}.Debug|Any CPU.Build.0 = Debug|Any CPU
		{C2BE79A6-4A97-4781-9436-1009FCB1068A}.Release|Any CPU.ActiveCfg = Release|Any CPU
		{C2BE79A6-4A97-4781-9436-1009FCB1068A}.Release|Any CPU.Build.0 = Release|Any CPU
	EndGlobalSection
	GlobalSection(SolutionProperties) = preSolution
		HideSolutionNode = FALSE
	EndGlobalSection
	GlobalSection(NestedProjects) = preSolution
		{7DE08622-8BE2-43B3-8CE6-EA8ADE9529EA} = {4A3B5C94-6102-4629-B3A1-291E74E285E8}
		{63736C2F-8167-4006-AD73-47B05377F00C} = {FE81B2DE-BC59-4E13-8992-F5CDCB3323EE}
		{D6C88C9C-84DC-4E2E-A2A2-3F47608683E0} = {D5AEBF70-6454-4575-A26F-84A6BF26F9E4}
		{FA3DB7C8-0E40-4126-9FDD-198FAE982992} = {5385691C-29B8-46F0-960E-CC5D7B4B15D3}
		{C2BE79A6-4A97-4781-9436-1009FCB1068A} = {FA3DB7C8-0E40-4126-9FDD-198FAE982992}
	EndGlobalSection
	GlobalSection(ExtensibilityGlobals) = postSolution
		SolutionGuid = {4BA5DC55-9878-4460-B302-518AAE3D5D88}
	EndGlobalSection
EndGlobal
